
Microsoft Visual Studio Solution File, Format Version 12.00
# Visual Studio 15
Project("{FAE04EC0-301F-11D3-BF4B-00C04F79EFBC}") = "Practica2_Mecaniques", "Assembly-CSharp.csproj", "{414BA2B3-5C47-2BC4-0649-1A58AACF426F}"
EndProject
Global
	GlobalSection(SolutionConfigurationPlatforms) = preSolution
		Debug|Any CPU = Debug|Any CPU
		Release|Any CPU = Release|Any CPU
	EndGlobalSection
	GlobalSection(ProjectConfigurationPlatforms) = postSolution
		{414BA2B3-5C47-2BC4-0649-1A58AACF426F}.Debug|Any CPU.ActiveCfg = Debug|Any CPU
		{414BA2B3-5C47-2BC4-0649-1A58AACF426F}.Debug|Any CPU.Build.0 = Debug|Any CPU
		{414BA2B3-5C47-2BC4-0649-1A58AACF426F}.Release|Any CPU.ActiveCfg = Release|Any CPU
		{414BA2B3-5C47-2BC4-0649-1A58AACF426F}.Release|Any CPU.Build.0 = Release|Any CPU
	EndGlobalSection
	GlobalSection(SolutionProperties) = preSolution
		HideSolutionNode = FALSE
	EndGlobalSection
EndGlobal
